
Microsoft Visual Studio Solution File, Format Version 12.00
# Visual Studio Version 17
VisualStudioVersion = 17.13.35913.81 d17.13
MinimumVisualStudioVersion = 10.0.40219.1
Project("{FAE04EC0-301F-11D3-BF4B-00C04F79EFBC}") = "Password Generator", "Password Generator\Password Generator.csproj", "{84EDAD0F-0CAA-4297-BC4C-C176AB2E8ADF}"
EndProject
Global
	GlobalSection(SolutionConfigurationPlatforms) = preSolution
		Debug|Any CPU = Debug|Any CPU
		Release|Any CPU = Release|Any CPU
	EndGlobalSection
	GlobalSection(ProjectConfigurationPlatforms) = postSolution
		{84EDAD0F-0CAA-4297-BC4C-C176AB2E8ADF}.Debug|Any CPU.ActiveCfg = Debug|Any CPU
		{84EDAD0F-0CAA-4297-BC4C-C176AB2E8ADF}.Debug|Any CPU.Build.0 = Debug|Any CPU
		{84EDAD0F-0CAA-4297-BC4C-C176AB2E8ADF}.Release|Any CPU.ActiveCfg = Release|Any CPU
		{84EDAD0F-0CAA-4297-BC4C-C176AB2E8ADF}.Release|Any CPU.Build.0 = Release|Any CPU
	EndGlobalSection
	GlobalSection(SolutionProperties) = preSolution
		HideSolutionNode = FALSE
	EndGlobalSection
	GlobalSection(ExtensibilityGlobals) = postSolution
		SolutionGuid = {C636C4EB-429A-42BD-BF4C-69E1D2C964FA}
	EndGlobalSection
EndGlobal
